
Microsoft Visual Studio Solution File, Format Version 12.00
# Visual Studio 14
VisualStudioVersion = 14.0.25420.1
MinimumVisualStudioVersion = 10.0.40219.1
Project("{FAE04EC0-301F-11D3-BF4B-00C04F79EFBC}") = "Xamarin.VisUITest.Tests", "Xamarin.VisUITest.Tests\Xamarin.VisUITest.Tests.csproj", "{0A1024C7-AD6E-42D7-BCB5-8D1604C6599C}"
EndProject
Project("{2150E333-8FDC-42A3-9474-1A3956D46DE8}") = "TestApp", "TestApp", "{8D2EB5F9-8358-4DE4-8589-B1559BB03E6B}"
EndProject
Project("{FAE04EC0-301F-11D3-BF4B-00C04F79EFBC}") = "Xamarin.VisUITest", "Xamarin.VisUITest\Xamarin.VisUITest.csproj", "{C679BB9B-4956-4676-BC14-C5C7E0492E37}"
EndProject
Project("{FAE04EC0-301F-11D3-BF4B-00C04F79EFBC}") = "Xamarin.VisUITest.App", "Xamarin.VisUITest.App\Xamarin.VisUITest.App.csproj", "{C0391E8C-5ADB-4DD8-9AF0-9F2AE6BD70C7}"
EndProject
Project("{FAE04EC0-301F-11D3-BF4B-00C04F79EFBC}") = "Xamarin.VisUITest.App.Droid", "Xamarin.VisUITest.App.Droid\Xamarin.VisUITest.App.Droid.csproj", "{718D7BB6-4308-4692-A76B-6EF502ECD477}"
EndProject
Project("{FAE04EC0-301F-11D3-BF4B-00C04F79EFBC}") = "Xamarin.VisUITest.App.iOS", "Xamarin.VisUITest.App.iOS\Xamarin.VisUITest.App.iOS.csproj", "{C23B5D19-ECC5-4705-9CCF-CEC37692BAEC}"
EndProject
Project("{FAE04EC0-301F-11D3-BF4B-00C04F79EFBC}") = "Xamarin.VisUITest.Backdoors.Droid", "Xamarin.VisUITest.Backdoors.Droid\Xamarin.VisUITest.Backdoors.Droid.csproj", "{33CE5C9F-ED1A-4E42-A332-DBE1D9136030}"
EndProject
Project("{FAE04EC0-301F-11D3-BF4B-00C04F79EFBC}") = "Xamarin.VisUITest.Backdoors.Mvx.Droid", "Xamarin.VisUITest.Backdoors.Mvx.Droid\Xamarin.VisUITest.Backdoors.Mvx.Droid.csproj", "{D86CABB8-203D-4A6F-B3E0-1DD64878BEA6}"
EndProject
Project("{FAE04EC0-301F-11D3-BF4B-00C04F79EFBC}") = "Xamarin.VisUITest.Backdoors.Forms.Droid", "Xamarin.VisUITest.Backdoors.Forms.Droid\Xamarin.VisUITest.Backdoors.Forms.Droid.csproj", "{A11281A0-F221-4558-B49B-0236C6F44093}"
EndProject
Project("{D954291E-2A0B-460D-934E-DC6B0785DB48}") = "Xamarin.VisUITest.Backdoors.Droid.Shared", "Xamarin.VisUITest.Backdoors.Droid.Shared\Xamarin.VisUITest.Backdoors.Droid.Shared.shproj", "{471CF287-8023-40D2-9F8C-FD069690B1F2}"
EndProject
Global
	GlobalSection(SharedMSBuildProjectFiles) = preSolution
		Xamarin.VisUITest.Backdoors.Droid.Shared\Xamarin.VisUITest.Backdoors.Droid.Shared.projitems*{33ce5c9f-ed1a-4e42-a332-dbe1d9136030}*SharedItemsImports = 4
		Xamarin.VisUITest.Backdoors.Droid.Shared\Xamarin.VisUITest.Backdoors.Droid.Shared.projitems*{471cf287-8023-40d2-9f8c-fd069690b1f2}*SharedItemsImports = 13
		Xamarin.VisUITest.Backdoors.Droid.Shared\Xamarin.VisUITest.Backdoors.Droid.Shared.projitems*{a11281a0-f221-4558-b49b-0236c6f44093}*SharedItemsImports = 4
		Xamarin.VisUITest.Backdoors.Droid.Shared\Xamarin.VisUITest.Backdoors.Droid.Shared.projitems*{d86cabb8-203d-4a6f-b3e0-1dd64878bea6}*SharedItemsImports = 4
	EndGlobalSection
	GlobalSection(SolutionConfigurationPlatforms) = preSolution
		Ad-Hoc|Any CPU = Ad-Hoc|Any CPU
		Ad-Hoc|iPhone = Ad-Hoc|iPhone
		Ad-Hoc|iPhoneSimulator = Ad-Hoc|iPhoneSimulator
		Ad-Hoc|Mixed Platforms = Ad-Hoc|Mixed Platforms
		AppStore|Any CPU = AppStore|Any CPU
		AppStore|iPhone = AppStore|iPhone
		AppStore|iPhoneSimulator = AppStore|iPhoneSimulator
		AppStore|Mixed Platforms = AppStore|Mixed Platforms
		Debug|Any CPU = Debug|Any CPU
		Debug|iPhone = Debug|iPhone
		Debug|iPhoneSimulator = Debug|iPhoneSimulator
		Debug|Mixed Platforms = Debug|Mixed Platforms
		Release|Any CPU = Release|Any CPU
		Release|iPhone = Release|iPhone
		Release|iPhoneSimulator = Release|iPhoneSimulator
		Release|Mixed Platforms = Release|Mixed Platforms
	EndGlobalSection
	GlobalSection(ProjectConfigurationPlatforms) = postSolution
		{0A1024C7-AD6E-42D7-BCB5-8D1604C6599C}.Ad-Hoc|Any CPU.ActiveCfg = Release|Any CPU
		{0A1024C7-AD6E-42D7-BCB5-8D1604C6599C}.Ad-Hoc|Any CPU.Build.0 = Release|Any CPU
		{0A1024C7-AD6E-42D7-BCB5-8D1604C6599C}.Ad-Hoc|iPhone.ActiveCfg = Release|Any CPU
		{0A1024C7-AD6E-42D7-BCB5-8D1604C6599C}.Ad-Hoc|iPhone.Build.0 = Release|Any CPU
		{0A1024C7-AD6E-42D7-BCB5-8D1604C6599C}.Ad-Hoc|iPhoneSimulator.ActiveCfg = Release|Any CPU
		{0A1024C7-AD6E-42D7-BCB5-8D1604C6599C}.Ad-Hoc|iPhoneSimulator.Build.0 = Release|Any CPU
		{0A1024C7-AD6E-42D7-BCB5-8D1604C6599C}.Ad-Hoc|Mixed Platforms.ActiveCfg = Release|Any CPU
		{0A1024C7-AD6E-42D7-BCB5-8D1604C6599C}.Ad-Hoc|Mixed Platforms.Build.0 = Release|Any CPU
		{0A1024C7-AD6E-42D7-BCB5-8D1604C6599C}.AppStore|Any CPU.ActiveCfg = Release|Any CPU
		{0A1024C7-AD6E-42D7-BCB5-8D1604C6599C}.AppStore|iPhone.ActiveCfg = Release|Any CPU
		{0A1024C7-AD6E-42D7-BCB5-8D1604C6599C}.AppStore|iPhoneSimulator.ActiveCfg = Release|Any CPU
		{0A1024C7-AD6E-42D7-BCB5-8D1604C6599C}.AppStore|Mixed Platforms.ActiveCfg = Release|Any CPU
		{0A1024C7-AD6E-42D7-BCB5-8D1604C6599C}.Debug|Any CPU.ActiveCfg = Debug|Any CPU
		{0A1024C7-AD6E-42D7-BCB5-8D1604C6599C}.Debug|Any CPU.Build.0 = Debug|Any CPU
		{0A1024C7-AD6E-42D7-BCB5-8D1604C6599C}.Debug|iPhone.ActiveCfg = Debug|Any CPU
		{0A1024C7-AD6E-42D7-BCB5-8D1604C6599C}.Debug|iPhone.Build.0 = Debug|Any CPU
		{0A1024C7-AD6E-42D7-BCB5-8D1604C6599C}.Debug|iPhoneSimulator.ActiveCfg = Debug|Any CPU
		{0A1024C7-AD6E-42D7-BCB5-8D1604C6599C}.Debug|iPhoneSimulator.Build.0 = Debug|Any CPU
		{0A1024C7-AD6E-42D7-BCB5-8D1604C6599C}.Debug|Mixed Platforms.ActiveCfg = Debug|Any CPU
		{0A1024C7-AD6E-42D7-BCB5-8D1604C6599C}.Debug|Mixed Platforms.Build.0 = Debug|Any CPU
		{0A1024C7-AD6E-42D7-BCB5-8D1604C6599C}.Release|Any CPU.ActiveCfg = Release|Any CPU
		{0A1024C7-AD6E-42D7-BCB5-8D1604C6599C}.Release|Any CPU.Build.0 = Release|Any CPU
		{0A1024C7-AD6E-42D7-BCB5-8D1604C6599C}.Release|iPhone.ActiveCfg = Release|Any CPU
		{0A1024C7-AD6E-42D7-BCB5-8D1604C6599C}.Release|iPhone.Build.0 = Release|Any CPU
		{0A1024C7-AD6E-42D7-BCB5-8D1604C6599C}.Release|iPhoneSimulator.ActiveCfg = Release|Any CPU
		{0A1024C7-AD6E-42D7-BCB5-8D1604C6599C}.Release|iPhoneSimulator.Build.0 = Release|Any CPU
		{0A1024C7-AD6E-42D7-BCB5-8D1604C6599C}.Release|Mixed Platforms.ActiveCfg = Release|Any CPU
		{0A1024C7-AD6E-42D7-BCB5-8D1604C6599C}.Release|Mixed Platforms.Build.0 = Release|Any CPU
		{C679BB9B-4956-4676-BC14-C5C7E0492E37}.Ad-Hoc|Any CPU.ActiveCfg = Release|Any CPU
		{C679BB9B-4956-4676-BC14-C5C7E0492E37}.Ad-Hoc|Any CPU.Build.0 = Release|Any CPU
		{C679BB9B-4956-4676-BC14-C5C7E0492E37}.Ad-Hoc|iPhone.ActiveCfg = Release|Any CPU
		{C679BB9B-4956-4676-BC14-C5C7E0492E37}.Ad-Hoc|iPhone.Build.0 = Release|Any CPU
		{C679BB9B-4956-4676-BC14-C5C7E0492E37}.Ad-Hoc|iPhoneSimulator.ActiveCfg = Release|Any CPU
		{C679BB9B-4956-4676-BC14-C5C7E0492E37}.Ad-Hoc|iPhoneSimulator.Build.0 = Release|Any CPU
		{C679BB9B-4956-4676-BC14-C5C7E0492E37}.Ad-Hoc|Mixed Platforms.ActiveCfg = Release|Any CPU
		{C679BB9B-4956-4676-BC14-C5C7E0492E37}.Ad-Hoc|Mixed Platforms.Build.0 = Release|Any CPU
		{C679BB9B-4956-4676-BC14-C5C7E0492E37}.AppStore|Any CPU.ActiveCfg = Release|Any CPU
		{C679BB9B-4956-4676-BC14-C5C7E0492E37}.AppStore|Any CPU.Build.0 = Release|Any CPU
		{C679BB9B-4956-4676-BC14-C5C7E0492E37}.AppStore|iPhone.ActiveCfg = Release|Any CPU
		{C679BB9B-4956-4676-BC14-C5C7E0492E37}.AppStore|iPhone.Build.0 = Release|Any CPU
		{C679BB9B-4956-4676-BC14-C5C7E0492E37}.AppStore|iPhoneSimulator.ActiveCfg = Release|Any CPU
		{C679BB9B-4956-4676-BC14-C5C7E0492E37}.AppStore|iPhoneSimulator.Build.0 = Release|Any CPU
		{C679BB9B-4956-4676-BC14-C5C7E0492E37}.AppStore|Mixed Platforms.ActiveCfg = Release|Any CPU
		{C679BB9B-4956-4676-BC14-C5C7E0492E37}.AppStore|Mixed Platforms.Build.0 = Release|Any CPU
		{C679BB9B-4956-4676-BC14-C5C7E0492E37}.Debug|Any CPU.ActiveCfg = Debug|Any CPU
		{C679BB9B-4956-4676-BC14-C5C7E0492E37}.Debug|Any CPU.Build.0 = Debug|Any CPU
		{C679BB9B-4956-4676-BC14-C5C7E0492E37}.Debug|iPhone.ActiveCfg = Debug|Any CPU
		{C679BB9B-4956-4676-BC14-C5C7E0492E37}.Debug|iPhone.Build.0 = Debug|Any CPU
		{C679BB9B-4956-4676-BC14-C5C7E0492E37}.Debug|iPhoneSimulator.ActiveCfg = Debug|Any CPU
		{C679BB9B-4956-4676-BC14-C5C7E0492E37}.Debug|iPhoneSimulator.Build.0 = Debug|Any CPU
		{C679BB9B-4956-4676-BC14-C5C7E0492E37}.Debug|Mixed Platforms.ActiveCfg = Debug|Any CPU
		{C679BB9B-4956-4676-BC14-C5C7E0492E37}.Debug|Mixed Platforms.Build.0 = Debug|Any CPU
		{C679BB9B-4956-4676-BC14-C5C7E0492E37}.Release|Any CPU.ActiveCfg = Release|Any CPU
		{C679BB9B-4956-4676-BC14-C5C7E0492E37}.Release|Any CPU.Build.0 = Release|Any CPU
		{C679BB9B-4956-4676-BC14-C5C7E0492E37}.Release|iPhone.ActiveCfg = Release|Any CPU
		{C679BB9B-4956-4676-BC14-C5C7E0492E37}.Release|iPhone.Build.0 = Release|Any CPU
		{C679BB9B-4956-4676-BC14-C5C7E0492E37}.Release|iPhoneSimulator.ActiveCfg = Release|Any CPU
		{C679BB9B-4956-4676-BC14-C5C7E0492E37}.Release|iPhoneSimulator.Build.0 = Release|Any CPU
		{C679BB9B-4956-4676-BC14-C5C7E0492E37}.Release|Mixed Platforms.ActiveCfg = Release|Any CPU
		{C679BB9B-4956-4676-BC14-C5C7E0492E37}.Release|Mixed Platforms.Build.0 = Release|Any CPU
		{C0391E8C-5ADB-4DD8-9AF0-9F2AE6BD70C7}.Ad-Hoc|Any CPU.ActiveCfg = Release|Any CPU
		{C0391E8C-5ADB-4DD8-9AF0-9F2AE6BD70C7}.Ad-Hoc|Any CPU.Build.0 = Release|Any CPU
		{C0391E8C-5ADB-4DD8-9AF0-9F2AE6BD70C7}.Ad-Hoc|iPhone.ActiveCfg = Release|Any CPU
		{C0391E8C-5ADB-4DD8-9AF0-9F2AE6BD70C7}.Ad-Hoc|iPhone.Build.0 = Release|Any CPU
		{C0391E8C-5ADB-4DD8-9AF0-9F2AE6BD70C7}.Ad-Hoc|iPhoneSimulator.ActiveCfg = Release|Any CPU
		{C0391E8C-5ADB-4DD8-9AF0-9F2AE6BD70C7}.Ad-Hoc|iPhoneSimulator.Build.0 = Release|Any CPU
		{C0391E8C-5ADB-4DD8-9AF0-9F2AE6BD70C7}.Ad-Hoc|Mixed Platforms.ActiveCfg = Release|Any CPU
		{C0391E8C-5ADB-4DD8-9AF0-9F2AE6BD70C7}.Ad-Hoc|Mixed Platforms.Build.0 = Release|Any CPU
		{C0391E8C-5ADB-4DD8-9AF0-9F2AE6BD70C7}.AppStore|Any CPU.ActiveCfg = Release|Any CPU
		{C0391E8C-5ADB-4DD8-9AF0-9F2AE6BD70C7}.AppStore|Any CPU.Build.0 = Release|Any CPU
		{C0391E8C-5ADB-4DD8-9AF0-9F2AE6BD70C7}.AppStore|iPhone.ActiveCfg = Release|Any CPU
		{C0391E8C-5ADB-4DD8-9AF0-9F2AE6BD70C7}.AppStore|iPhone.Build.0 = Release|Any CPU
		{C0391E8C-5ADB-4DD8-9AF0-9F2AE6BD70C7}.AppStore|iPhoneSimulator.ActiveCfg = Release|Any CPU
		{C0391E8C-5ADB-4DD8-9AF0-9F2AE6BD70C7}.AppStore|iPhoneSimulator.Build.0 = Release|Any CPU
		{C0391E8C-5ADB-4DD8-9AF0-9F2AE6BD70C7}.AppStore|Mixed Platforms.ActiveCfg = Release|Any CPU
		{C0391E8C-5ADB-4DD8-9AF0-9F2AE6BD70C7}.AppStore|Mixed Platforms.Build.0 = Release|Any CPU
		{C0391E8C-5ADB-4DD8-9AF0-9F2AE6BD70C7}.Debug|Any CPU.ActiveCfg = Debug|Any CPU
		{C0391E8C-5ADB-4DD8-9AF0-9F2AE6BD70C7}.Debug|Any CPU.Build.0 = Debug|Any CPU
		{C0391E8C-5ADB-4DD8-9AF0-9F2AE6BD70C7}.Debug|iPhone.ActiveCfg = Debug|Any CPU
		{C0391E8C-5ADB-4DD8-9AF0-9F2AE6BD70C7}.Debug|iPhone.Build.0 = Debug|Any CPU
		{C0391E8C-5ADB-4DD8-9AF0-9F2AE6BD70C7}.Debug|iPhoneSimulator.ActiveCfg = Debug|Any CPU
		{C0391E8C-5ADB-4DD8-9AF0-9F2AE6BD70C7}.Debug|iPhoneSimulator.Build.0 = Debug|Any CPU
		{C0391E8C-5ADB-4DD8-9AF0-9F2AE6BD70C7}.Debug|Mixed Platforms.ActiveCfg = Debug|Any CPU
		{C0391E8C-5ADB-4DD8-9AF0-9F2AE6BD70C7}.Debug|Mixed Platforms.Build.0 = Debug|Any CPU
		{C0391E8C-5ADB-4DD8-9AF0-9F2AE6BD70C7}.Release|Any CPU.ActiveCfg = Release|Any CPU
		{C0391E8C-5ADB-4DD8-9AF0-9F2AE6BD70C7}.Release|Any CPU.Build.0 = Release|Any CPU
		{C0391E8C-5ADB-4DD8-9AF0-9F2AE6BD70C7}.Release|iPhone.ActiveCfg = Release|Any CPU
		{C0391E8C-5ADB-4DD8-9AF0-9F2AE6BD70C7}.Release|iPhone.Build.0 = Release|Any CPU
		{C0391E8C-5ADB-4DD8-9AF0-9F2AE6BD70C7}.Release|iPhoneSimulator.ActiveCfg = Release|Any CPU
		{C0391E8C-5ADB-4DD8-9AF0-9F2AE6BD70C7}.Release|iPhoneSimulator.Build.0 = Release|Any CPU
		{C0391E8C-5ADB-4DD8-9AF0-9F2AE6BD70C7}.Release|Mixed Platforms.ActiveCfg = Release|Any CPU
		{C0391E8C-5ADB-4DD8-9AF0-9F2AE6BD70C7}.Release|Mixed Platforms.Build.0 = Release|Any CPU
		{718D7BB6-4308-4692-A76B-6EF502ECD477}.Ad-Hoc|Any CPU.ActiveCfg = Release|Any CPU
		{718D7BB6-4308-4692-A76B-6EF502ECD477}.Ad-Hoc|Any CPU.Build.0 = Release|Any CPU
		{718D7BB6-4308-4692-A76B-6EF502ECD477}.Ad-Hoc|Any CPU.Deploy.0 = Release|Any CPU
		{718D7BB6-4308-4692-A76B-6EF502ECD477}.Ad-Hoc|iPhone.ActiveCfg = Release|Any CPU
		{718D7BB6-4308-4692-A76B-6EF502ECD477}.Ad-Hoc|iPhone.Build.0 = Release|Any CPU
		{718D7BB6-4308-4692-A76B-6EF502ECD477}.Ad-Hoc|iPhone.Deploy.0 = Release|Any CPU
		{718D7BB6-4308-4692-A76B-6EF502ECD477}.Ad-Hoc|iPhoneSimulator.ActiveCfg = Release|Any CPU
		{718D7BB6-4308-4692-A76B-6EF502ECD477}.Ad-Hoc|iPhoneSimulator.Build.0 = Release|Any CPU
		{718D7BB6-4308-4692-A76B-6EF502ECD477}.Ad-Hoc|iPhoneSimulator.Deploy.0 = Release|Any CPU
		{718D7BB6-4308-4692-A76B-6EF502ECD477}.Ad-Hoc|Mixed Platforms.ActiveCfg = Release|Any CPU
		{718D7BB6-4308-4692-A76B-6EF502ECD477}.Ad-Hoc|Mixed Platforms.Build.0 = Release|Any CPU
		{718D7BB6-4308-4692-A76B-6EF502ECD477}.Ad-Hoc|Mixed Platforms.Deploy.0 = Release|Any CPU
		{718D7BB6-4308-4692-A76B-6EF502ECD477}.AppStore|Any CPU.ActiveCfg = Release|Any CPU
		{718D7BB6-4308-4692-A76B-6EF502ECD477}.AppStore|Any CPU.Build.0 = Release|Any CPU
		{718D7BB6-4308-4692-A76B-6EF502ECD477}.AppStore|Any CPU.Deploy.0 = Release|Any CPU
		{718D7BB6-4308-4692-A76B-6EF502ECD477}.AppStore|iPhone.ActiveCfg = Release|Any CPU
		{718D7BB6-4308-4692-A76B-6EF502ECD477}.AppStore|iPhone.Build.0 = Release|Any CPU
		{718D7BB6-4308-4692-A76B-6EF502ECD477}.AppStore|iPhone.Deploy.0 = Release|Any CPU
		{718D7BB6-4308-4692-A76B-6EF502ECD477}.AppStore|iPhoneSimulator.ActiveCfg = Release|Any CPU
		{718D7BB6-4308-4692-A76B-6EF502ECD477}.AppStore|iPhoneSimulator.Build.0 = Release|Any CPU
		{718D7BB6-4308-4692-A76B-6EF502ECD477}.AppStore|iPhoneSimulator.Deploy.0 = Release|Any CPU
		{718D7BB6-4308-4692-A76B-6EF502ECD477}.AppStore|Mixed Platforms.ActiveCfg = Release|Any CPU
		{718D7BB6-4308-4692-A76B-6EF502ECD477}.AppStore|Mixed Platforms.Build.0 = Release|Any CPU
		{718D7BB6-4308-4692-A76B-6EF502ECD477}.AppStore|Mixed Platforms.Deploy.0 = Release|Any CPU
		{718D7BB6-4308-4692-A76B-6EF502ECD477}.Debug|Any CPU.ActiveCfg = Debug|Any CPU
		{718D7BB6-4308-4692-A76B-6EF502ECD477}.Debug|Any CPU.Build.0 = Debug|Any CPU
		{718D7BB6-4308-4692-A76B-6EF502ECD477}.Debug|Any CPU.Deploy.0 = Debug|Any CPU
		{718D7BB6-4308-4692-A76B-6EF502ECD477}.Debug|iPhone.ActiveCfg = Debug|Any CPU
		{718D7BB6-4308-4692-A76B-6EF502ECD477}.Debug|iPhone.Build.0 = Debug|Any CPU
		{718D7BB6-4308-4692-A76B-6EF502ECD477}.Debug|iPhone.Deploy.0 = Debug|Any CPU
		{718D7BB6-4308-4692-A76B-6EF502ECD477}.Debug|iPhoneSimulator.ActiveCfg = Debug|Any CPU
		{718D7BB6-4308-4692-A76B-6EF502ECD477}.Debug|iPhoneSimulator.Build.0 = Debug|Any CPU
		{718D7BB6-4308-4692-A76B-6EF502ECD477}.Debug|iPhoneSimulator.Deploy.0 = Debug|Any CPU
		{718D7BB6-4308-4692-A76B-6EF502ECD477}.Debug|Mixed Platforms.ActiveCfg = Debug|Any CPU
		{718D7BB6-4308-4692-A76B-6EF502ECD477}.Debug|Mixed Platforms.Build.0 = Debug|Any CPU
		{718D7BB6-4308-4692-A76B-6EF502ECD477}.Debug|Mixed Platforms.Deploy.0 = Debug|Any CPU
		{718D7BB6-4308-4692-A76B-6EF502ECD477}.Release|Any CPU.ActiveCfg = Release|Any CPU
		{718D7BB6-4308-4692-A76B-6EF502ECD477}.Release|Any CPU.Build.0 = Release|Any CPU
		{718D7BB6-4308-4692-A76B-6EF502ECD477}.Release|Any CPU.Deploy.0 = Release|Any CPU
		{718D7BB6-4308-4692-A76B-6EF502ECD477}.Release|iPhone.ActiveCfg = Release|Any CPU
		{718D7BB6-4308-4692-A76B-6EF502ECD477}.Release|iPhone.Build.0 = Release|Any CPU
		{718D7BB6-4308-4692-A76B-6EF502ECD477}.Release|iPhone.Deploy.0 = Release|Any CPU
		{718D7BB6-4308-4692-A76B-6EF502ECD477}.Release|iPhoneSimulator.ActiveCfg = Release|Any CPU
		{718D7BB6-4308-4692-A76B-6EF502ECD477}.Release|iPhoneSimulator.Build.0 = Release|Any CPU
		{718D7BB6-4308-4692-A76B-6EF502ECD477}.Release|iPhoneSimulator.Deploy.0 = Release|Any CPU
		{718D7BB6-4308-4692-A76B-6EF502ECD477}.Release|Mixed Platforms.ActiveCfg = Release|Any CPU
		{718D7BB6-4308-4692-A76B-6EF502ECD477}.Release|Mixed Platforms.Build.0 = Release|Any CPU
		{718D7BB6-4308-4692-A76B-6EF502ECD477}.Release|Mixed Platforms.Deploy.0 = Release|Any CPU
		{C23B5D19-ECC5-4705-9CCF-CEC37692BAEC}.Ad-Hoc|Any CPU.ActiveCfg = Ad-Hoc|iPhone
		{C23B5D19-ECC5-4705-9CCF-CEC37692BAEC}.Ad-Hoc|iPhone.ActiveCfg = Ad-Hoc|iPhone
		{C23B5D19-ECC5-4705-9CCF-CEC37692BAEC}.Ad-Hoc|iPhone.Build.0 = Ad-Hoc|iPhone
		{C23B5D19-ECC5-4705-9CCF-CEC37692BAEC}.Ad-Hoc|iPhoneSimulator.ActiveCfg = Ad-Hoc|iPhoneSimulator
		{C23B5D19-ECC5-4705-9CCF-CEC37692BAEC}.Ad-Hoc|iPhoneSimulator.Build.0 = Ad-Hoc|iPhoneSimulator
		{C23B5D19-ECC5-4705-9CCF-CEC37692BAEC}.Ad-Hoc|Mixed Platforms.ActiveCfg = Ad-Hoc|iPhone
		{C23B5D19-ECC5-4705-9CCF-CEC37692BAEC}.Ad-Hoc|Mixed Platforms.Build.0 = Ad-Hoc|iPhone
		{C23B5D19-ECC5-4705-9CCF-CEC37692BAEC}.AppStore|Any CPU.ActiveCfg = AppStore|iPhone
		{C23B5D19-ECC5-4705-9CCF-CEC37692BAEC}.AppStore|iPhone.ActiveCfg = AppStore|iPhone
		{C23B5D19-ECC5-4705-9CCF-CEC37692BAEC}.AppStore|iPhone.Build.0 = AppStore|iPhone
		{C23B5D19-ECC5-4705-9CCF-CEC37692BAEC}.AppStore|iPhoneSimulator.ActiveCfg = AppStore|iPhoneSimulator
		{C23B5D19-ECC5-4705-9CCF-CEC37692BAEC}.AppStore|iPhoneSimulator.Build.0 = AppStore|iPhoneSimulator
		{C23B5D19-ECC5-4705-9CCF-CEC37692BAEC}.AppStore|Mixed Platforms.ActiveCfg = AppStore|iPhone
		{C23B5D19-ECC5-4705-9CCF-CEC37692BAEC}.AppStore|Mixed Platforms.Build.0 = AppStore|iPhone
		{C23B5D19-ECC5-4705-9CCF-CEC37692BAEC}.Debug|Any CPU.ActiveCfg = Debug|iPhone
		{C23B5D19-ECC5-4705-9CCF-CEC37692BAEC}.Debug|iPhone.ActiveCfg = Debug|iPhone
		{C23B5D19-ECC5-4705-9CCF-CEC37692BAEC}.Debug|iPhone.Build.0 = Debug|iPhone
		{C23B5D19-ECC5-4705-9CCF-CEC37692BAEC}.Debug|iPhoneSimulator.ActiveCfg = Debug|iPhoneSimulator
		{C23B5D19-ECC5-4705-9CCF-CEC37692BAEC}.Debug|iPhoneSimulator.Build.0 = Debug|iPhoneSimulator
		{C23B5D19-ECC5-4705-9CCF-CEC37692BAEC}.Debug|Mixed Platforms.ActiveCfg = Debug|iPhone
		{C23B5D19-ECC5-4705-9CCF-CEC37692BAEC}.Debug|Mixed Platforms.Build.0 = Debug|iPhone
		{C23B5D19-ECC5-4705-9CCF-CEC37692BAEC}.Release|Any CPU.ActiveCfg = Release|iPhone
		{C23B5D19-ECC5-4705-9CCF-CEC37692BAEC}.Release|iPhone.ActiveCfg = Release|iPhone
		{C23B5D19-ECC5-4705-9CCF-CEC37692BAEC}.Release|iPhone.Build.0 = Release|iPhone
		{C23B5D19-ECC5-4705-9CCF-CEC37692BAEC}.Release|iPhoneSimulator.ActiveCfg = Release|iPhoneSimulator
		{C23B5D19-ECC5-4705-9CCF-CEC37692BAEC}.Release|iPhoneSimulator.Build.0 = Release|iPhoneSimulator
		{C23B5D19-ECC5-4705-9CCF-CEC37692BAEC}.Release|Mixed Platforms.ActiveCfg = Release|iPhone
		{C23B5D19-ECC5-4705-9CCF-CEC37692BAEC}.Release|Mixed Platforms.Build.0 = Release|iPhone
		{33CE5C9F-ED1A-4E42-A332-DBE1D9136030}.Ad-Hoc|Any CPU.ActiveCfg = Release|Any CPU
		{33CE5C9F-ED1A-4E42-A332-DBE1D9136030}.Ad-Hoc|Any CPU.Build.0 = Release|Any CPU
		{33CE5C9F-ED1A-4E42-A332-DBE1D9136030}.Ad-Hoc|iPhone.ActiveCfg = Release|Any CPU
		{33CE5C9F-ED1A-4E42-A332-DBE1D9136030}.Ad-Hoc|iPhone.Build.0 = Release|Any CPU
		{33CE5C9F-ED1A-4E42-A332-DBE1D9136030}.Ad-Hoc|iPhoneSimulator.ActiveCfg = Release|Any CPU
		{33CE5C9F-ED1A-4E42-A332-DBE1D9136030}.Ad-Hoc|iPhoneSimulator.Build.0 = Release|Any CPU
		{33CE5C9F-ED1A-4E42-A332-DBE1D9136030}.Ad-Hoc|Mixed Platforms.ActiveCfg = Release|Any CPU
		{33CE5C9F-ED1A-4E42-A332-DBE1D9136030}.Ad-Hoc|Mixed Platforms.Build.0 = Release|Any CPU
		{33CE5C9F-ED1A-4E42-A332-DBE1D9136030}.AppStore|Any CPU.ActiveCfg = Release|Any CPU
		{33CE5C9F-ED1A-4E42-A332-DBE1D9136030}.AppStore|Any CPU.Build.0 = Release|Any CPU
		{33CE5C9F-ED1A-4E42-A332-DBE1D9136030}.AppStore|iPhone.ActiveCfg = Release|Any CPU
		{33CE5C9F-ED1A-4E42-A332-DBE1D9136030}.AppStore|iPhone.Build.0 = Release|Any CPU
		{33CE5C9F-ED1A-4E42-A332-DBE1D9136030}.AppStore|iPhoneSimulator.ActiveCfg = Release|Any CPU
		{33CE5C9F-ED1A-4E42-A332-DBE1D9136030}.AppStore|iPhoneSimulator.Build.0 = Release|Any CPU
		{33CE5C9F-ED1A-4E42-A332-DBE1D9136030}.AppStore|Mixed Platforms.ActiveCfg = Release|Any CPU
		{33CE5C9F-ED1A-4E42-A332-DBE1D9136030}.AppStore|Mixed Platforms.Build.0 = Release|Any CPU
		{33CE5C9F-ED1A-4E42-A332-DBE1D9136030}.Debug|Any CPU.ActiveCfg = Debug|Any CPU
		{33CE5C9F-ED1A-4E42-A332-DBE1D9136030}.Debug|Any CPU.Build.0 = Debug|Any CPU
		{33CE5C9F-ED1A-4E42-A332-DBE1D9136030}.Debug|iPhone.ActiveCfg = Debug|Any CPU
		{33CE5C9F-ED1A-4E42-A332-DBE1D9136030}.Debug|iPhone.Build.0 = Debug|Any CPU
		{33CE5C9F-ED1A-4E42-A332-DBE1D9136030}.Debug|iPhoneSimulator.ActiveCfg = Debug|Any CPU
		{33CE5C9F-ED1A-4E42-A332-DBE1D9136030}.Debug|iPhoneSimulator.Build.0 = Debug|Any CPU
		{33CE5C9F-ED1A-4E42-A332-DBE1D9136030}.Debug|Mixed Platforms.ActiveCfg = Debug|Any CPU
		{33CE5C9F-ED1A-4E42-A332-DBE1D9136030}.Debug|Mixed Platforms.Build.0 = Debug|Any CPU
		{33CE5C9F-ED1A-4E42-A332-DBE1D9136030}.Release|Any CPU.ActiveCfg = Release|Any CPU
		{33CE5C9F-ED1A-4E42-A332-DBE1D9136030}.Release|Any CPU.Build.0 = Release|Any CPU
		{33CE5C9F-ED1A-4E42-A332-DBE1D9136030}.Release|iPhone.ActiveCfg = Release|Any CPU
		{33CE5C9F-ED1A-4E42-A332-DBE1D9136030}.Release|iPhone.Build.0 = Release|Any CPU
		{33CE5C9F-ED1A-4E42-A332-DBE1D9136030}.Release|iPhoneSimulator.ActiveCfg = Release|Any CPU
		{33CE5C9F-ED1A-4E42-A332-DBE1D9136030}.Release|iPhoneSimulator.Build.0 = Release|Any CPU
		{33CE5C9F-ED1A-4E42-A332-DBE1D9136030}.Release|Mixed Platforms.ActiveCfg = Release|Any CPU
		{33CE5C9F-ED1A-4E42-A332-DBE1D9136030}.Release|Mixed Platforms.Build.0 = Release|Any CPU
		{D86CABB8-203D-4A6F-B3E0-1DD64878BEA6}.Ad-Hoc|Any CPU.ActiveCfg = Release|Any CPU
		{D86CABB8-203D-4A6F-B3E0-1DD64878BEA6}.Ad-Hoc|Any CPU.Build.0 = Release|Any CPU
		{D86CABB8-203D-4A6F-B3E0-1DD64878BEA6}.Ad-Hoc|iPhone.ActiveCfg = Release|Any CPU
		{D86CABB8-203D-4A6F-B3E0-1DD64878BEA6}.Ad-Hoc|iPhone.Build.0 = Release|Any CPU
		{D86CABB8-203D-4A6F-B3E0-1DD64878BEA6}.Ad-Hoc|iPhoneSimulator.ActiveCfg = Release|Any CPU
		{D86CABB8-203D-4A6F-B3E0-1DD64878BEA6}.Ad-Hoc|iPhoneSimulator.Build.0 = Release|Any CPU
		{D86CABB8-203D-4A6F-B3E0-1DD64878BEA6}.Ad-Hoc|Mixed Platforms.ActiveCfg = Release|Any CPU
		{D86CABB8-203D-4A6F-B3E0-1DD64878BEA6}.Ad-Hoc|Mixed Platforms.Build.0 = Release|Any CPU
		{D86CABB8-203D-4A6F-B3E0-1DD64878BEA6}.AppStore|Any CPU.ActiveCfg = Release|Any CPU
		{D86CABB8-203D-4A6F-B3E0-1DD64878BEA6}.AppStore|Any CPU.Build.0 = Release|Any CPU
		{D86CABB8-203D-4A6F-B3E0-1DD64878BEA6}.AppStore|iPhone.ActiveCfg = Release|Any CPU
		{D86CABB8-203D-4A6F-B3E0-1DD64878BEA6}.AppStore|iPhone.Build.0 = Release|Any CPU
		{D86CABB8-203D-4A6F-B3E0-1DD64878BEA6}.AppStore|iPhoneSimulator.ActiveCfg = Release|Any CPU
		{D86CABB8-203D-4A6F-B3E0-1DD64878BEA6}.AppStore|iPhoneSimulator.Build.0 = Release|Any CPU
		{D86CABB8-203D-4A6F-B3E0-1DD64878BEA6}.AppStore|Mixed Platforms.ActiveCfg = Release|Any CPU
		{D86CABB8-203D-4A6F-B3E0-1DD64878BEA6}.AppStore|Mixed Platforms.Build.0 = Release|Any CPU
		{D86CABB8-203D-4A6F-B3E0-1DD64878BEA6}.Debug|Any CPU.ActiveCfg = Debug|Any CPU
		{D86CABB8-203D-4A6F-B3E0-1DD64878BEA6}.Debug|Any CPU.Build.0 = Debug|Any CPU
		{D86CABB8-203D-4A6F-B3E0-1DD64878BEA6}.Debug|iPhone.ActiveCfg = Debug|Any CPU
		{D86CABB8-203D-4A6F-B3E0-1DD64878BEA6}.Debug|iPhone.Build.0 = Debug|Any CPU
		{D86CABB8-203D-4A6F-B3E0-1DD64878BEA6}.Debug|iPhoneSimulator.ActiveCfg = Debug|Any CPU
		{D86CABB8-203D-4A6F-B3E0-1DD64878BEA6}.Debug|iPhoneSimulator.Build.0 = Debug|Any CPU
		{D86CABB8-203D-4A6F-B3E0-1DD64878BEA6}.Debug|Mixed Platforms.ActiveCfg = Debug|Any CPU
		{D86CABB8-203D-4A6F-B3E0-1DD64878BEA6}.Debug|Mixed Platforms.Build.0 = Debug|Any CPU
		{D86CABB8-203D-4A6F-B3E0-1DD64878BEA6}.Release|Any CPU.ActiveCfg = Release|Any CPU
		{D86CABB8-203D-4A6F-B3E0-1DD64878BEA6}.Release|Any CPU.Build.0 = Release|Any CPU
		{D86CABB8-203D-4A6F-B3E0-1DD64878BEA6}.Release|iPhone.ActiveCfg = Release|Any CPU
		{D86CABB8-203D-4A6F-B3E0-1DD64878BEA6}.Release|iPhone.Build.0 = Release|Any CPU
		{D86CABB8-203D-4A6F-B3E0-1DD64878BEA6}.Release|iPhoneSimulator.ActiveCfg = Release|Any CPU
		{D86CABB8-203D-4A6F-B3E0-1DD64878BEA6}.Release|iPhoneSimulator.Build.0 = Release|Any CPU
		{D86CABB8-203D-4A6F-B3E0-1DD64878BEA6}.Release|Mixed Platforms.ActiveCfg = Release|Any CPU
		{D86CABB8-203D-4A6F-B3E0-1DD64878BEA6}.Release|Mixed Platforms.Build.0 = Release|Any CPU
		{A11281A0-F221-4558-B49B-0236C6F44093}.Ad-Hoc|Any CPU.ActiveCfg = Release|Any CPU
		{A11281A0-F221-4558-B49B-0236C6F44093}.Ad-Hoc|Any CPU.Build.0 = Release|Any CPU
		{A11281A0-F221-4558-B49B-0236C6F44093}.Ad-Hoc|iPhone.ActiveCfg = Release|Any CPU
		{A11281A0-F221-4558-B49B-0236C6F44093}.Ad-Hoc|iPhone.Build.0 = Release|Any CPU
		{A11281A0-F221-4558-B49B-0236C6F44093}.Ad-Hoc|iPhoneSimulator.ActiveCfg = Release|Any CPU
		{A11281A0-F221-4558-B49B-0236C6F44093}.Ad-Hoc|iPhoneSimulator.Build.0 = Release|Any CPU
		{A11281A0-F221-4558-B49B-0236C6F44093}.Ad-Hoc|Mixed Platforms.ActiveCfg = Release|Any CPU
		{A11281A0-F221-4558-B49B-0236C6F44093}.Ad-Hoc|Mixed Platforms.Build.0 = Release|Any CPU
		{A11281A0-F221-4558-B49B-0236C6F44093}.AppStore|Any CPU.ActiveCfg = Release|Any CPU
		{A11281A0-F221-4558-B49B-0236C6F44093}.AppStore|Any CPU.Build.0 = Release|Any CPU
		{A11281A0-F221-4558-B49B-0236C6F44093}.AppStore|iPhone.ActiveCfg = Release|Any CPU
		{A11281A0-F221-4558-B49B-0236C6F44093}.AppStore|iPhone.Build.0 = Release|Any CPU
		{A11281A0-F221-4558-B49B-0236C6F44093}.AppStore|iPhoneSimulator.ActiveCfg = Release|Any CPU
		{A11281A0-F221-4558-B49B-0236C6F44093}.AppStore|iPhoneSimulator.Build.0 = Release|Any CPU
		{A11281A0-F221-4558-B49B-0236C6F44093}.AppStore|Mixed Platforms.ActiveCfg = Release|Any CPU
		{A11281A0-F221-4558-B49B-0236C6F44093}.AppStore|Mixed Platforms.Build.0 = Release|Any CPU
		{A11281A0-F221-4558-B49B-0236C6F44093}.Debug|Any CPU.ActiveCfg = Debug|Any CPU
		{A11281A0-F221-4558-B49B-0236C6F44093}.Debug|Any CPU.Build.0 = Debug|Any CPU
		{A11281A0-F221-4558-B49B-0236C6F44093}.Debug|iPhone.ActiveCfg = Debug|Any CPU
		{A11281A0-F221-4558-B49B-0236C6F44093}.Debug|iPhone.Build.0 = Debug|Any CPU
		{A11281A0-F221-4558-B49B-0236C6F44093}.Debug|iPhoneSimulator.ActiveCfg = Debug|Any CPU
		{A11281A0-F221-4558-B49B-0236C6F44093}.Debug|iPhoneSimulator.Build.0 = Debug|Any CPU
		{A11281A0-F221-4558-B49B-0236C6F44093}.Debug|Mixed Platforms.ActiveCfg = Debug|Any CPU
		{A11281A0-F221-4558-B49B-0236C6F44093}.Debug|Mixed Platforms.Build.0 = Debug|Any CPU
		{A11281A0-F221-4558-B49B-0236C6F44093}.Release|Any CPU.ActiveCfg = Release|Any CPU
		{A11281A0-F221-4558-B49B-0236C6F44093}.Release|Any CPU.Build.0 = Release|Any CPU
		{A11281A0-F221-4558-B49B-0236C6F44093}.Release|iPhone.ActiveCfg = Release|Any CPU
		{A11281A0-F221-4558-B49B-0236C6F44093}.Release|iPhone.Build.0 = Release|Any CPU
		{A11281A0-F221-4558-B49B-0236C6F44093}.Release|iPhoneSimulator.ActiveCfg = Release|Any CPU
		{A11281A0-F221-4558-B49B-0236C6F44093}.Release|iPhoneSimulator.Build.0 = Release|Any CPU
		{A11281A0-F221-4558-B49B-0236C6F44093}.Release|Mixed Platforms.ActiveCfg = Release|Any CPU
		{A11281A0-F221-4558-B49B-0236C6F44093}.Release|Mixed Platforms.Build.0 = Release|Any CPU
	EndGlobalSection
	GlobalSection(SolutionProperties) = preSolution
		HideSolutionNode = FALSE
	EndGlobalSection
	GlobalSection(NestedProjects) = preSolution
		{C0391E8C-5ADB-4DD8-9AF0-9F2AE6BD70C7} = {8D2EB5F9-8358-4DE4-8589-B1559BB03E6B}
		{718D7BB6-4308-4692-A76B-6EF502ECD477} = {8D2EB5F9-8358-4DE4-8589-B1559BB03E6B}
		{C23B5D19-ECC5-4705-9CCF-CEC37692BAEC} = {8D2EB5F9-8358-4DE4-8589-B1559BB03E6B}
	EndGlobalSection
EndGlobal
