
Microsoft Visual Studio Solution File, Format Version 12.00
# Visual Studio 2012
VisualStudioVersion = 12.0.40629.0
MinimumVisualStudioVersion = 10.0.40219.1
Project("{FAE04EC0-301F-11D3-BF4B-00C04F79EFBC}") = "Xamarin.VisUITest.Acceptance.Tests", "Xamarin.VisUITest.Tests\Xamarin.VisUITest.Acceptance.Tests.csproj", "{0A1024C7-AD6E-42D7-BCB5-8D1604C6599C}"
EndProject
Project("{FAE04EC0-301F-11D3-BF4B-00C04F79EFBC}") = "Xamarin.VisUITest.App.iOS", "Xamarin.VisUITest.App\Xamarin.VisUITest.App.iOS\Xamarin.VisUITest.App.iOS.csproj", "{96CC9042-E971-44C0-A2AF-B3DEC77F361B}"
EndProject
Project("{FAE04EC0-301F-11D3-BF4B-00C04F79EFBC}") = "Xamarin.VisUITest.App", "Xamarin.VisUITest.App\Xamarin.VisUITest.App\Xamarin.VisUITest.App.csproj", "{788CB372-81AA-4DC3-AF6B-AD4E784DDD3D}"
EndProject
Project("{FAE04EC0-301F-11D3-BF4B-00C04F79EFBC}") = "Xamarin.VisUITest.App.Droid", "Xamarin.VisUITest.App\Xamarin.VisUITest.App.Droid\Xamarin.VisUITest.App.Droid.csproj", "{85B5B863-648D-4C27-B44E-032735CB7DDF}"
EndProject
Project("{D954291E-2A0B-460D-934E-DC6B0785DB48}") = "Xamarin.VisUITest.Lib.Shared", "Xamarin.VisUITest.Lib.Shared\Xamarin.VisUITest.Lib.Shared.shproj", "{46D48DCA-A35E-4DE8-82B2-FED23ABE0881}"
EndProject
Project("{FAE04EC0-301F-11D3-BF4B-00C04F79EFBC}") = "Xamarin.VisUItest.Lib.iOS", "Xamarin.VisUItest.Lib.iOS\Xamarin.VisUItest.Lib.iOS.csproj", "{C90AD2C8-1A85-4558-B8E4-D0D0C7FB2448}"
EndProject
Project("{FAE04EC0-301F-11D3-BF4B-00C04F79EFBC}") = "Xamarin.VisUITest.Lib.Droid", "Xamarin.VisUITest.Lib.Droid\Xamarin.VisUITest.Lib.Droid.csproj", "{AD192EEA-D8AE-4ECD-B325-5FC61FA2A39C}"
EndProject
Project("{FAE04EC0-301F-11D3-BF4B-00C04F79EFBC}") = "Xamarin.VisUITest.Unit.Tests.iOS", "Xamarin.VisUITest.Unit.Tests.iOS\Xamarin.VisUITest.Unit.Tests.iOS.csproj", "{7CED2544-CF27-41A3-B2D7-D805C6D7431A}"
EndProject
Project("{D954291E-2A0B-460D-934E-DC6B0785DB48}") = "Xamarin.VisUITest.Unit.Tests.Shared", "Xamarin.VisUITest.Unit.Tests.Shared\Xamarin.VisUITest.Unit.Tests.Shared.shproj", "{9D9B7ACD-779E-4DF8-A20C-0D5260316A5D}"
EndProject
Project("{FAE04EC0-301F-11D3-BF4B-00C04F79EFBC}") = "Xamarin.VisUITests.Unit.Tests.Droid", "Xamarin.VisUITests.Unit.Tests.Droid\Xamarin.VisUITests.Unit.Tests.Droid.csproj", "{10DA630C-C626-4524-ABA3-0679FA2FCF42}"
EndProject
Global
	GlobalSection(SolutionConfigurationPlatforms) = preSolution
		Ad-Hoc|Any CPU = Ad-Hoc|Any CPU
		Ad-Hoc|iPhone = Ad-Hoc|iPhone
		Ad-Hoc|iPhoneSimulator = Ad-Hoc|iPhoneSimulator
		Ad-Hoc|Mixed Platforms = Ad-Hoc|Mixed Platforms
		AppStore|Any CPU = AppStore|Any CPU
		AppStore|iPhone = AppStore|iPhone
		AppStore|iPhoneSimulator = AppStore|iPhoneSimulator
		AppStore|Mixed Platforms = AppStore|Mixed Platforms
		Debug|Any CPU = Debug|Any CPU
		Debug|iPhone = Debug|iPhone
		Debug|iPhoneSimulator = Debug|iPhoneSimulator
		Debug|Mixed Platforms = Debug|Mixed Platforms
		Release|Any CPU = Release|Any CPU
		Release|iPhone = Release|iPhone
		Release|iPhoneSimulator = Release|iPhoneSimulator
		Release|Mixed Platforms = Release|Mixed Platforms
	EndGlobalSection
	GlobalSection(ProjectConfigurationPlatforms) = postSolution
		{0A1024C7-AD6E-42D7-BCB5-8D1604C6599C}.Ad-Hoc|Any CPU.ActiveCfg = Release|Any CPU
		{0A1024C7-AD6E-42D7-BCB5-8D1604C6599C}.Ad-Hoc|Any CPU.Build.0 = Release|Any CPU
		{0A1024C7-AD6E-42D7-BCB5-8D1604C6599C}.Ad-Hoc|iPhone.ActiveCfg = Release|Any CPU
		{0A1024C7-AD6E-42D7-BCB5-8D1604C6599C}.Ad-Hoc|iPhone.Build.0 = Release|Any CPU
		{0A1024C7-AD6E-42D7-BCB5-8D1604C6599C}.Ad-Hoc|iPhoneSimulator.ActiveCfg = Release|Any CPU
		{0A1024C7-AD6E-42D7-BCB5-8D1604C6599C}.Ad-Hoc|iPhoneSimulator.Build.0 = Release|Any CPU
		{0A1024C7-AD6E-42D7-BCB5-8D1604C6599C}.Ad-Hoc|Mixed Platforms.ActiveCfg = Release|Any CPU
		{0A1024C7-AD6E-42D7-BCB5-8D1604C6599C}.Ad-Hoc|Mixed Platforms.Build.0 = Release|Any CPU
		{0A1024C7-AD6E-42D7-BCB5-8D1604C6599C}.AppStore|Any CPU.ActiveCfg = Release|Any CPU
		{0A1024C7-AD6E-42D7-BCB5-8D1604C6599C}.AppStore|iPhone.ActiveCfg = Release|Any CPU
		{0A1024C7-AD6E-42D7-BCB5-8D1604C6599C}.AppStore|iPhoneSimulator.ActiveCfg = Release|Any CPU
		{0A1024C7-AD6E-42D7-BCB5-8D1604C6599C}.AppStore|Mixed Platforms.ActiveCfg = Release|Any CPU
		{0A1024C7-AD6E-42D7-BCB5-8D1604C6599C}.Debug|Any CPU.ActiveCfg = Debug|Any CPU
		{0A1024C7-AD6E-42D7-BCB5-8D1604C6599C}.Debug|Any CPU.Build.0 = Debug|Any CPU
		{0A1024C7-AD6E-42D7-BCB5-8D1604C6599C}.Debug|iPhone.ActiveCfg = Debug|Any CPU
		{0A1024C7-AD6E-42D7-BCB5-8D1604C6599C}.Debug|iPhone.Build.0 = Debug|Any CPU
		{0A1024C7-AD6E-42D7-BCB5-8D1604C6599C}.Debug|iPhoneSimulator.ActiveCfg = Debug|Any CPU
		{0A1024C7-AD6E-42D7-BCB5-8D1604C6599C}.Debug|iPhoneSimulator.Build.0 = Debug|Any CPU
		{0A1024C7-AD6E-42D7-BCB5-8D1604C6599C}.Debug|Mixed Platforms.ActiveCfg = Debug|Any CPU
		{0A1024C7-AD6E-42D7-BCB5-8D1604C6599C}.Debug|Mixed Platforms.Build.0 = Debug|Any CPU
		{0A1024C7-AD6E-42D7-BCB5-8D1604C6599C}.Release|Any CPU.ActiveCfg = Release|Any CPU
		{0A1024C7-AD6E-42D7-BCB5-8D1604C6599C}.Release|Any CPU.Build.0 = Release|Any CPU
		{0A1024C7-AD6E-42D7-BCB5-8D1604C6599C}.Release|iPhone.ActiveCfg = Release|Any CPU
		{0A1024C7-AD6E-42D7-BCB5-8D1604C6599C}.Release|iPhone.Build.0 = Release|Any CPU
		{0A1024C7-AD6E-42D7-BCB5-8D1604C6599C}.Release|iPhoneSimulator.ActiveCfg = Release|Any CPU
		{0A1024C7-AD6E-42D7-BCB5-8D1604C6599C}.Release|iPhoneSimulator.Build.0 = Release|Any CPU
		{0A1024C7-AD6E-42D7-BCB5-8D1604C6599C}.Release|Mixed Platforms.ActiveCfg = Release|Any CPU
		{0A1024C7-AD6E-42D7-BCB5-8D1604C6599C}.Release|Mixed Platforms.Build.0 = Release|Any CPU
		{10DA630C-C626-4524-ABA3-0679FA2FCF42}.Ad-Hoc|Any CPU.ActiveCfg = Debug|Any CPU
		{10DA630C-C626-4524-ABA3-0679FA2FCF42}.Ad-Hoc|Any CPU.Build.0 = Debug|Any CPU
		{10DA630C-C626-4524-ABA3-0679FA2FCF42}.Ad-Hoc|iPhone.ActiveCfg = Debug|Any CPU
		{10DA630C-C626-4524-ABA3-0679FA2FCF42}.Ad-Hoc|iPhone.Build.0 = Debug|Any CPU
		{10DA630C-C626-4524-ABA3-0679FA2FCF42}.Ad-Hoc|iPhoneSimulator.ActiveCfg = Debug|Any CPU
		{10DA630C-C626-4524-ABA3-0679FA2FCF42}.Ad-Hoc|iPhoneSimulator.Build.0 = Debug|Any CPU
		{10DA630C-C626-4524-ABA3-0679FA2FCF42}.Ad-Hoc|Mixed Platforms.ActiveCfg = Debug|Any CPU
		{10DA630C-C626-4524-ABA3-0679FA2FCF42}.Ad-Hoc|Mixed Platforms.Build.0 = Debug|Any CPU
		{10DA630C-C626-4524-ABA3-0679FA2FCF42}.AppStore|Any CPU.ActiveCfg = Debug|Any CPU
		{10DA630C-C626-4524-ABA3-0679FA2FCF42}.AppStore|Any CPU.Build.0 = Debug|Any CPU
		{10DA630C-C626-4524-ABA3-0679FA2FCF42}.AppStore|iPhone.ActiveCfg = Debug|Any CPU
		{10DA630C-C626-4524-ABA3-0679FA2FCF42}.AppStore|iPhone.Build.0 = Debug|Any CPU
		{10DA630C-C626-4524-ABA3-0679FA2FCF42}.AppStore|iPhoneSimulator.ActiveCfg = Debug|Any CPU
		{10DA630C-C626-4524-ABA3-0679FA2FCF42}.AppStore|iPhoneSimulator.Build.0 = Debug|Any CPU
		{10DA630C-C626-4524-ABA3-0679FA2FCF42}.AppStore|Mixed Platforms.ActiveCfg = Debug|Any CPU
		{10DA630C-C626-4524-ABA3-0679FA2FCF42}.AppStore|Mixed Platforms.Build.0 = Debug|Any CPU
		{10DA630C-C626-4524-ABA3-0679FA2FCF42}.Debug|Any CPU.ActiveCfg = Debug|Any CPU
		{10DA630C-C626-4524-ABA3-0679FA2FCF42}.Debug|Any CPU.Build.0 = Debug|Any CPU
		{10DA630C-C626-4524-ABA3-0679FA2FCF42}.Debug|iPhone.ActiveCfg = Debug|Any CPU
		{10DA630C-C626-4524-ABA3-0679FA2FCF42}.Debug|iPhone.Build.0 = Debug|Any CPU
		{10DA630C-C626-4524-ABA3-0679FA2FCF42}.Debug|iPhoneSimulator.ActiveCfg = Debug|Any CPU
		{10DA630C-C626-4524-ABA3-0679FA2FCF42}.Debug|iPhoneSimulator.Build.0 = Debug|Any CPU
		{10DA630C-C626-4524-ABA3-0679FA2FCF42}.Debug|Mixed Platforms.ActiveCfg = Debug|Any CPU
		{10DA630C-C626-4524-ABA3-0679FA2FCF42}.Debug|Mixed Platforms.Build.0 = Debug|Any CPU
		{10DA630C-C626-4524-ABA3-0679FA2FCF42}.Release|Any CPU.ActiveCfg = Release|Any CPU
		{10DA630C-C626-4524-ABA3-0679FA2FCF42}.Release|Any CPU.Build.0 = Release|Any CPU
		{10DA630C-C626-4524-ABA3-0679FA2FCF42}.Release|iPhone.ActiveCfg = Release|Any CPU
		{10DA630C-C626-4524-ABA3-0679FA2FCF42}.Release|iPhone.Build.0 = Release|Any CPU
		{10DA630C-C626-4524-ABA3-0679FA2FCF42}.Release|iPhoneSimulator.ActiveCfg = Release|Any CPU
		{10DA630C-C626-4524-ABA3-0679FA2FCF42}.Release|iPhoneSimulator.Build.0 = Release|Any CPU
		{10DA630C-C626-4524-ABA3-0679FA2FCF42}.Release|Mixed Platforms.ActiveCfg = Release|Any CPU
		{10DA630C-C626-4524-ABA3-0679FA2FCF42}.Release|Mixed Platforms.Build.0 = Release|Any CPU
		{788CB372-81AA-4DC3-AF6B-AD4E784DDD3D}.Ad-Hoc|Any CPU.ActiveCfg = Release|Any CPU
		{788CB372-81AA-4DC3-AF6B-AD4E784DDD3D}.Ad-Hoc|Any CPU.Build.0 = Release|Any CPU
		{788CB372-81AA-4DC3-AF6B-AD4E784DDD3D}.Ad-Hoc|iPhone.ActiveCfg = Release|Any CPU
		{788CB372-81AA-4DC3-AF6B-AD4E784DDD3D}.Ad-Hoc|iPhone.Build.0 = Release|Any CPU
		{788CB372-81AA-4DC3-AF6B-AD4E784DDD3D}.Ad-Hoc|iPhoneSimulator.ActiveCfg = Release|Any CPU
		{788CB372-81AA-4DC3-AF6B-AD4E784DDD3D}.Ad-Hoc|iPhoneSimulator.Build.0 = Release|Any CPU
		{788CB372-81AA-4DC3-AF6B-AD4E784DDD3D}.Ad-Hoc|Mixed Platforms.ActiveCfg = Release|Any CPU
		{788CB372-81AA-4DC3-AF6B-AD4E784DDD3D}.Ad-Hoc|Mixed Platforms.Build.0 = Release|Any CPU
		{788CB372-81AA-4DC3-AF6B-AD4E784DDD3D}.AppStore|Any CPU.ActiveCfg = Release|Any CPU
		{788CB372-81AA-4DC3-AF6B-AD4E784DDD3D}.AppStore|Any CPU.Build.0 = Release|Any CPU
		{788CB372-81AA-4DC3-AF6B-AD4E784DDD3D}.AppStore|iPhone.ActiveCfg = Release|Any CPU
		{788CB372-81AA-4DC3-AF6B-AD4E784DDD3D}.AppStore|iPhone.Build.0 = Release|Any CPU
		{788CB372-81AA-4DC3-AF6B-AD4E784DDD3D}.AppStore|iPhoneSimulator.ActiveCfg = Release|Any CPU
		{788CB372-81AA-4DC3-AF6B-AD4E784DDD3D}.AppStore|iPhoneSimulator.Build.0 = Release|Any CPU
		{788CB372-81AA-4DC3-AF6B-AD4E784DDD3D}.AppStore|Mixed Platforms.ActiveCfg = Release|Any CPU
		{788CB372-81AA-4DC3-AF6B-AD4E784DDD3D}.AppStore|Mixed Platforms.Build.0 = Release|Any CPU
		{788CB372-81AA-4DC3-AF6B-AD4E784DDD3D}.Debug|Any CPU.ActiveCfg = Debug|Any CPU
		{788CB372-81AA-4DC3-AF6B-AD4E784DDD3D}.Debug|Any CPU.Build.0 = Debug|Any CPU
		{788CB372-81AA-4DC3-AF6B-AD4E784DDD3D}.Debug|iPhone.ActiveCfg = Debug|Any CPU
		{788CB372-81AA-4DC3-AF6B-AD4E784DDD3D}.Debug|iPhone.Build.0 = Debug|Any CPU
		{788CB372-81AA-4DC3-AF6B-AD4E784DDD3D}.Debug|iPhoneSimulator.ActiveCfg = Debug|Any CPU
		{788CB372-81AA-4DC3-AF6B-AD4E784DDD3D}.Debug|iPhoneSimulator.Build.0 = Debug|Any CPU
		{788CB372-81AA-4DC3-AF6B-AD4E784DDD3D}.Debug|Mixed Platforms.ActiveCfg = Debug|Any CPU
		{788CB372-81AA-4DC3-AF6B-AD4E784DDD3D}.Debug|Mixed Platforms.Build.0 = Debug|Any CPU
		{788CB372-81AA-4DC3-AF6B-AD4E784DDD3D}.Release|Any CPU.ActiveCfg = Release|Any CPU
		{788CB372-81AA-4DC3-AF6B-AD4E784DDD3D}.Release|Any CPU.Build.0 = Release|Any CPU
		{788CB372-81AA-4DC3-AF6B-AD4E784DDD3D}.Release|iPhone.ActiveCfg = Release|Any CPU
		{788CB372-81AA-4DC3-AF6B-AD4E784DDD3D}.Release|iPhone.Build.0 = Release|Any CPU
		{788CB372-81AA-4DC3-AF6B-AD4E784DDD3D}.Release|iPhoneSimulator.ActiveCfg = Release|Any CPU
		{788CB372-81AA-4DC3-AF6B-AD4E784DDD3D}.Release|iPhoneSimulator.Build.0 = Release|Any CPU
		{788CB372-81AA-4DC3-AF6B-AD4E784DDD3D}.Release|Mixed Platforms.ActiveCfg = Release|Any CPU
		{788CB372-81AA-4DC3-AF6B-AD4E784DDD3D}.Release|Mixed Platforms.Build.0 = Release|Any CPU
		{7CED2544-CF27-41A3-B2D7-D805C6D7431A}.Ad-Hoc|Any CPU.ActiveCfg = Ad-Hoc|iPhone
		{7CED2544-CF27-41A3-B2D7-D805C6D7431A}.Ad-Hoc|iPhone.ActiveCfg = Ad-Hoc|iPhone
		{7CED2544-CF27-41A3-B2D7-D805C6D7431A}.Ad-Hoc|iPhone.Build.0 = Ad-Hoc|iPhone
		{7CED2544-CF27-41A3-B2D7-D805C6D7431A}.Ad-Hoc|iPhoneSimulator.ActiveCfg = Ad-Hoc|iPhoneSimulator
		{7CED2544-CF27-41A3-B2D7-D805C6D7431A}.Ad-Hoc|iPhoneSimulator.Build.0 = Ad-Hoc|iPhoneSimulator
		{7CED2544-CF27-41A3-B2D7-D805C6D7431A}.Ad-Hoc|Mixed Platforms.ActiveCfg = Ad-Hoc|iPhone
		{7CED2544-CF27-41A3-B2D7-D805C6D7431A}.Ad-Hoc|Mixed Platforms.Build.0 = Ad-Hoc|iPhone
		{7CED2544-CF27-41A3-B2D7-D805C6D7431A}.AppStore|Any CPU.ActiveCfg = AppStore|iPhone
		{7CED2544-CF27-41A3-B2D7-D805C6D7431A}.AppStore|iPhone.ActiveCfg = AppStore|iPhone
		{7CED2544-CF27-41A3-B2D7-D805C6D7431A}.AppStore|iPhone.Build.0 = AppStore|iPhone
		{7CED2544-CF27-41A3-B2D7-D805C6D7431A}.AppStore|iPhoneSimulator.ActiveCfg = AppStore|iPhoneSimulator
		{7CED2544-CF27-41A3-B2D7-D805C6D7431A}.AppStore|iPhoneSimulator.Build.0 = AppStore|iPhoneSimulator
		{7CED2544-CF27-41A3-B2D7-D805C6D7431A}.AppStore|Mixed Platforms.ActiveCfg = AppStore|iPhone
		{7CED2544-CF27-41A3-B2D7-D805C6D7431A}.AppStore|Mixed Platforms.Build.0 = AppStore|iPhone
		{7CED2544-CF27-41A3-B2D7-D805C6D7431A}.Debug|Any CPU.ActiveCfg = Debug|iPhone
		{7CED2544-CF27-41A3-B2D7-D805C6D7431A}.Debug|iPhone.ActiveCfg = Debug|iPhone
		{7CED2544-CF27-41A3-B2D7-D805C6D7431A}.Debug|iPhone.Build.0 = Debug|iPhone
		{7CED2544-CF27-41A3-B2D7-D805C6D7431A}.Debug|iPhoneSimulator.ActiveCfg = Debug|iPhoneSimulator
		{7CED2544-CF27-41A3-B2D7-D805C6D7431A}.Debug|iPhoneSimulator.Build.0 = Debug|iPhoneSimulator
		{7CED2544-CF27-41A3-B2D7-D805C6D7431A}.Debug|Mixed Platforms.ActiveCfg = Debug|iPhone
		{7CED2544-CF27-41A3-B2D7-D805C6D7431A}.Debug|Mixed Platforms.Build.0 = Debug|iPhone
		{7CED2544-CF27-41A3-B2D7-D805C6D7431A}.Release|Any CPU.ActiveCfg = Release|iPhone
		{7CED2544-CF27-41A3-B2D7-D805C6D7431A}.Release|iPhone.ActiveCfg = Release|iPhone
		{7CED2544-CF27-41A3-B2D7-D805C6D7431A}.Release|iPhone.Build.0 = Release|iPhone
		{7CED2544-CF27-41A3-B2D7-D805C6D7431A}.Release|iPhoneSimulator.ActiveCfg = Release|iPhoneSimulator
		{7CED2544-CF27-41A3-B2D7-D805C6D7431A}.Release|iPhoneSimulator.Build.0 = Release|iPhoneSimulator
		{7CED2544-CF27-41A3-B2D7-D805C6D7431A}.Release|Mixed Platforms.ActiveCfg = Release|iPhone
		{7CED2544-CF27-41A3-B2D7-D805C6D7431A}.Release|Mixed Platforms.Build.0 = Release|iPhone
		{85B5B863-648D-4C27-B44E-032735CB7DDF}.Ad-Hoc|Any CPU.ActiveCfg = Release|Any CPU
		{85B5B863-648D-4C27-B44E-032735CB7DDF}.Ad-Hoc|Any CPU.Build.0 = Release|Any CPU
		{85B5B863-648D-4C27-B44E-032735CB7DDF}.Ad-Hoc|Any CPU.Deploy.0 = Release|Any CPU
		{85B5B863-648D-4C27-B44E-032735CB7DDF}.Ad-Hoc|iPhone.ActiveCfg = Release|Any CPU
		{85B5B863-648D-4C27-B44E-032735CB7DDF}.Ad-Hoc|iPhoneSimulator.ActiveCfg = Release|Any CPU
		{85B5B863-648D-4C27-B44E-032735CB7DDF}.Ad-Hoc|Mixed Platforms.ActiveCfg = Release|Any CPU
		{85B5B863-648D-4C27-B44E-032735CB7DDF}.Ad-Hoc|Mixed Platforms.Build.0 = Release|Any CPU
		{85B5B863-648D-4C27-B44E-032735CB7DDF}.Ad-Hoc|Mixed Platforms.Deploy.0 = Release|Any CPU
		{85B5B863-648D-4C27-B44E-032735CB7DDF}.AppStore|Any CPU.ActiveCfg = Release|Any CPU
		{85B5B863-648D-4C27-B44E-032735CB7DDF}.AppStore|Any CPU.Build.0 = Release|Any CPU
		{85B5B863-648D-4C27-B44E-032735CB7DDF}.AppStore|Any CPU.Deploy.0 = Release|Any CPU
		{85B5B863-648D-4C27-B44E-032735CB7DDF}.AppStore|iPhone.ActiveCfg = Release|Any CPU
		{85B5B863-648D-4C27-B44E-032735CB7DDF}.AppStore|iPhoneSimulator.ActiveCfg = Release|Any CPU
		{85B5B863-648D-4C27-B44E-032735CB7DDF}.AppStore|Mixed Platforms.ActiveCfg = Release|Any CPU
		{85B5B863-648D-4C27-B44E-032735CB7DDF}.AppStore|Mixed Platforms.Build.0 = Release|Any CPU
		{85B5B863-648D-4C27-B44E-032735CB7DDF}.AppStore|Mixed Platforms.Deploy.0 = Release|Any CPU
		{85B5B863-648D-4C27-B44E-032735CB7DDF}.Debug|Any CPU.ActiveCfg = Debug|Any CPU
		{85B5B863-648D-4C27-B44E-032735CB7DDF}.Debug|Any CPU.Build.0 = Debug|Any CPU
		{85B5B863-648D-4C27-B44E-032735CB7DDF}.Debug|Any CPU.Deploy.0 = Debug|Any CPU
		{85B5B863-648D-4C27-B44E-032735CB7DDF}.Debug|iPhone.ActiveCfg = Debug|Any CPU
		{85B5B863-648D-4C27-B44E-032735CB7DDF}.Debug|iPhoneSimulator.ActiveCfg = Debug|Any CPU
		{85B5B863-648D-4C27-B44E-032735CB7DDF}.Debug|Mixed Platforms.ActiveCfg = Debug|Any CPU
		{85B5B863-648D-4C27-B44E-032735CB7DDF}.Debug|Mixed Platforms.Build.0 = Debug|Any CPU
		{85B5B863-648D-4C27-B44E-032735CB7DDF}.Debug|Mixed Platforms.Deploy.0 = Debug|Any CPU
		{85B5B863-648D-4C27-B44E-032735CB7DDF}.Release|Any CPU.ActiveCfg = Release|Any CPU
		{85B5B863-648D-4C27-B44E-032735CB7DDF}.Release|Any CPU.Build.0 = Release|Any CPU
		{85B5B863-648D-4C27-B44E-032735CB7DDF}.Release|Any CPU.Deploy.0 = Release|Any CPU
		{85B5B863-648D-4C27-B44E-032735CB7DDF}.Release|iPhone.ActiveCfg = Release|Any CPU
		{85B5B863-648D-4C27-B44E-032735CB7DDF}.Release|iPhoneSimulator.ActiveCfg = Release|Any CPU
		{85B5B863-648D-4C27-B44E-032735CB7DDF}.Release|Mixed Platforms.ActiveCfg = Release|Any CPU
		{85B5B863-648D-4C27-B44E-032735CB7DDF}.Release|Mixed Platforms.Build.0 = Release|Any CPU
		{85B5B863-648D-4C27-B44E-032735CB7DDF}.Release|Mixed Platforms.Deploy.0 = Release|Any CPU
		{96CC9042-E971-44C0-A2AF-B3DEC77F361B}.Ad-Hoc|Any CPU.ActiveCfg = Ad-Hoc|iPhone
		{96CC9042-E971-44C0-A2AF-B3DEC77F361B}.Ad-Hoc|Any CPU.Build.0 = Ad-Hoc|iPhone
		{96CC9042-E971-44C0-A2AF-B3DEC77F361B}.Ad-Hoc|iPhone.ActiveCfg = Ad-Hoc|iPhone
		{96CC9042-E971-44C0-A2AF-B3DEC77F361B}.Ad-Hoc|iPhone.Build.0 = Ad-Hoc|iPhone
		{96CC9042-E971-44C0-A2AF-B3DEC77F361B}.Ad-Hoc|iPhoneSimulator.ActiveCfg = Ad-Hoc|iPhoneSimulator
		{96CC9042-E971-44C0-A2AF-B3DEC77F361B}.Ad-Hoc|iPhoneSimulator.Build.0 = Ad-Hoc|iPhoneSimulator
		{96CC9042-E971-44C0-A2AF-B3DEC77F361B}.Ad-Hoc|Mixed Platforms.ActiveCfg = Ad-Hoc|iPhone
		{96CC9042-E971-44C0-A2AF-B3DEC77F361B}.Ad-Hoc|Mixed Platforms.Build.0 = Ad-Hoc|iPhone
		{96CC9042-E971-44C0-A2AF-B3DEC77F361B}.AppStore|Any CPU.ActiveCfg = AppStore|iPhone
		{96CC9042-E971-44C0-A2AF-B3DEC77F361B}.AppStore|Any CPU.Build.0 = AppStore|iPhone
		{96CC9042-E971-44C0-A2AF-B3DEC77F361B}.AppStore|iPhone.ActiveCfg = AppStore|iPhone
		{96CC9042-E971-44C0-A2AF-B3DEC77F361B}.AppStore|iPhone.Build.0 = AppStore|iPhone
		{96CC9042-E971-44C0-A2AF-B3DEC77F361B}.AppStore|iPhoneSimulator.ActiveCfg = AppStore|iPhoneSimulator
		{96CC9042-E971-44C0-A2AF-B3DEC77F361B}.AppStore|iPhoneSimulator.Build.0 = AppStore|iPhoneSimulator
		{96CC9042-E971-44C0-A2AF-B3DEC77F361B}.AppStore|Mixed Platforms.ActiveCfg = AppStore|iPhone
		{96CC9042-E971-44C0-A2AF-B3DEC77F361B}.AppStore|Mixed Platforms.Build.0 = AppStore|iPhone
		{96CC9042-E971-44C0-A2AF-B3DEC77F361B}.Debug|Any CPU.ActiveCfg = Debug|iPhone
		{96CC9042-E971-44C0-A2AF-B3DEC77F361B}.Debug|Any CPU.Build.0 = Debug|iPhone
		{96CC9042-E971-44C0-A2AF-B3DEC77F361B}.Debug|iPhone.ActiveCfg = Debug|iPhone
		{96CC9042-E971-44C0-A2AF-B3DEC77F361B}.Debug|iPhone.Build.0 = Debug|iPhone
		{96CC9042-E971-44C0-A2AF-B3DEC77F361B}.Debug|iPhoneSimulator.ActiveCfg = Debug|iPhoneSimulator
		{96CC9042-E971-44C0-A2AF-B3DEC77F361B}.Debug|iPhoneSimulator.Build.0 = Debug|iPhoneSimulator
		{96CC9042-E971-44C0-A2AF-B3DEC77F361B}.Debug|Mixed Platforms.ActiveCfg = Debug|iPhone
		{96CC9042-E971-44C0-A2AF-B3DEC77F361B}.Debug|Mixed Platforms.Build.0 = Debug|iPhone
		{96CC9042-E971-44C0-A2AF-B3DEC77F361B}.Release|Any CPU.ActiveCfg = Release|iPhone
		{96CC9042-E971-44C0-A2AF-B3DEC77F361B}.Release|Any CPU.Build.0 = Release|iPhone
		{96CC9042-E971-44C0-A2AF-B3DEC77F361B}.Release|iPhone.ActiveCfg = Release|iPhone
		{96CC9042-E971-44C0-A2AF-B3DEC77F361B}.Release|iPhone.Build.0 = Release|iPhone
		{96CC9042-E971-44C0-A2AF-B3DEC77F361B}.Release|iPhoneSimulator.ActiveCfg = Release|iPhoneSimulator
		{96CC9042-E971-44C0-A2AF-B3DEC77F361B}.Release|iPhoneSimulator.Build.0 = Release|iPhoneSimulator
		{96CC9042-E971-44C0-A2AF-B3DEC77F361B}.Release|Mixed Platforms.ActiveCfg = Release|iPhone
		{96CC9042-E971-44C0-A2AF-B3DEC77F361B}.Release|Mixed Platforms.Build.0 = Release|iPhone
		{AD192EEA-D8AE-4ECD-B325-5FC61FA2A39C}.Ad-Hoc|Any CPU.ActiveCfg = Release|Any CPU
		{AD192EEA-D8AE-4ECD-B325-5FC61FA2A39C}.Ad-Hoc|Any CPU.Build.0 = Release|Any CPU
		{AD192EEA-D8AE-4ECD-B325-5FC61FA2A39C}.Ad-Hoc|iPhone.ActiveCfg = Release|Any CPU
		{AD192EEA-D8AE-4ECD-B325-5FC61FA2A39C}.Ad-Hoc|iPhoneSimulator.ActiveCfg = Release|Any CPU
		{AD192EEA-D8AE-4ECD-B325-5FC61FA2A39C}.Ad-Hoc|Mixed Platforms.ActiveCfg = Release|Any CPU
		{AD192EEA-D8AE-4ECD-B325-5FC61FA2A39C}.Ad-Hoc|Mixed Platforms.Build.0 = Release|Any CPU
		{AD192EEA-D8AE-4ECD-B325-5FC61FA2A39C}.AppStore|Any CPU.ActiveCfg = Release|Any CPU
		{AD192EEA-D8AE-4ECD-B325-5FC61FA2A39C}.AppStore|Any CPU.Build.0 = Release|Any CPU
		{AD192EEA-D8AE-4ECD-B325-5FC61FA2A39C}.AppStore|iPhone.ActiveCfg = Release|Any CPU
		{AD192EEA-D8AE-4ECD-B325-5FC61FA2A39C}.AppStore|iPhoneSimulator.ActiveCfg = Release|Any CPU
		{AD192EEA-D8AE-4ECD-B325-5FC61FA2A39C}.AppStore|Mixed Platforms.ActiveCfg = Release|Any CPU
		{AD192EEA-D8AE-4ECD-B325-5FC61FA2A39C}.AppStore|Mixed Platforms.Build.0 = Release|Any CPU
		{AD192EEA-D8AE-4ECD-B325-5FC61FA2A39C}.Debug|Any CPU.ActiveCfg = Debug|Any CPU
		{AD192EEA-D8AE-4ECD-B325-5FC61FA2A39C}.Debug|Any CPU.Build.0 = Debug|Any CPU
		{AD192EEA-D8AE-4ECD-B325-5FC61FA2A39C}.Debug|iPhone.ActiveCfg = Debug|Any CPU
		{AD192EEA-D8AE-4ECD-B325-5FC61FA2A39C}.Debug|iPhoneSimulator.ActiveCfg = Debug|Any CPU
		{AD192EEA-D8AE-4ECD-B325-5FC61FA2A39C}.Debug|Mixed Platforms.ActiveCfg = Debug|Any CPU
		{AD192EEA-D8AE-4ECD-B325-5FC61FA2A39C}.Debug|Mixed Platforms.Build.0 = Debug|Any CPU
		{AD192EEA-D8AE-4ECD-B325-5FC61FA2A39C}.Release|Any CPU.ActiveCfg = Release|Any CPU
		{AD192EEA-D8AE-4ECD-B325-5FC61FA2A39C}.Release|Any CPU.Build.0 = Release|Any CPU
		{AD192EEA-D8AE-4ECD-B325-5FC61FA2A39C}.Release|iPhone.ActiveCfg = Release|Any CPU
		{AD192EEA-D8AE-4ECD-B325-5FC61FA2A39C}.Release|iPhoneSimulator.ActiveCfg = Release|Any CPU
		{AD192EEA-D8AE-4ECD-B325-5FC61FA2A39C}.Release|Mixed Platforms.ActiveCfg = Release|Any CPU
		{AD192EEA-D8AE-4ECD-B325-5FC61FA2A39C}.Release|Mixed Platforms.Build.0 = Release|Any CPU
		{C90AD2C8-1A85-4558-B8E4-D0D0C7FB2448}.Ad-Hoc|Any CPU.ActiveCfg = Release|Any CPU
		{C90AD2C8-1A85-4558-B8E4-D0D0C7FB2448}.Ad-Hoc|Any CPU.Build.0 = Release|Any CPU
		{C90AD2C8-1A85-4558-B8E4-D0D0C7FB2448}.Ad-Hoc|iPhone.ActiveCfg = Release|Any CPU
		{C90AD2C8-1A85-4558-B8E4-D0D0C7FB2448}.Ad-Hoc|iPhone.Build.0 = Release|Any CPU
		{C90AD2C8-1A85-4558-B8E4-D0D0C7FB2448}.Ad-Hoc|iPhoneSimulator.ActiveCfg = Release|Any CPU
		{C90AD2C8-1A85-4558-B8E4-D0D0C7FB2448}.Ad-Hoc|iPhoneSimulator.Build.0 = Release|Any CPU
		{C90AD2C8-1A85-4558-B8E4-D0D0C7FB2448}.Ad-Hoc|Mixed Platforms.ActiveCfg = Release|Any CPU
		{C90AD2C8-1A85-4558-B8E4-D0D0C7FB2448}.Ad-Hoc|Mixed Platforms.Build.0 = Release|Any CPU
		{C90AD2C8-1A85-4558-B8E4-D0D0C7FB2448}.AppStore|Any CPU.ActiveCfg = Release|Any CPU
		{C90AD2C8-1A85-4558-B8E4-D0D0C7FB2448}.AppStore|Any CPU.Build.0 = Release|Any CPU
		{C90AD2C8-1A85-4558-B8E4-D0D0C7FB2448}.AppStore|iPhone.ActiveCfg = Release|Any CPU
		{C90AD2C8-1A85-4558-B8E4-D0D0C7FB2448}.AppStore|iPhone.Build.0 = Release|Any CPU
		{C90AD2C8-1A85-4558-B8E4-D0D0C7FB2448}.AppStore|iPhoneSimulator.ActiveCfg = Release|Any CPU
		{C90AD2C8-1A85-4558-B8E4-D0D0C7FB2448}.AppStore|iPhoneSimulator.Build.0 = Release|Any CPU
		{C90AD2C8-1A85-4558-B8E4-D0D0C7FB2448}.AppStore|Mixed Platforms.ActiveCfg = Release|Any CPU
		{C90AD2C8-1A85-4558-B8E4-D0D0C7FB2448}.AppStore|Mixed Platforms.Build.0 = Release|Any CPU
		{C90AD2C8-1A85-4558-B8E4-D0D0C7FB2448}.Debug|Any CPU.ActiveCfg = Debug|Any CPU
		{C90AD2C8-1A85-4558-B8E4-D0D0C7FB2448}.Debug|Any CPU.Build.0 = Debug|Any CPU
		{C90AD2C8-1A85-4558-B8E4-D0D0C7FB2448}.Debug|iPhone.ActiveCfg = Debug|Any CPU
		{C90AD2C8-1A85-4558-B8E4-D0D0C7FB2448}.Debug|iPhone.Build.0 = Debug|Any CPU
		{C90AD2C8-1A85-4558-B8E4-D0D0C7FB2448}.Debug|iPhoneSimulator.ActiveCfg = Debug|Any CPU
		{C90AD2C8-1A85-4558-B8E4-D0D0C7FB2448}.Debug|iPhoneSimulator.Build.0 = Debug|Any CPU
		{C90AD2C8-1A85-4558-B8E4-D0D0C7FB2448}.Debug|Mixed Platforms.ActiveCfg = Debug|Any CPU
		{C90AD2C8-1A85-4558-B8E4-D0D0C7FB2448}.Debug|Mixed Platforms.Build.0 = Debug|Any CPU
		{C90AD2C8-1A85-4558-B8E4-D0D0C7FB2448}.Release|Any CPU.ActiveCfg = Release|Any CPU
		{C90AD2C8-1A85-4558-B8E4-D0D0C7FB2448}.Release|Any CPU.Build.0 = Release|Any CPU
		{C90AD2C8-1A85-4558-B8E4-D0D0C7FB2448}.Release|iPhone.ActiveCfg = Release|Any CPU
		{C90AD2C8-1A85-4558-B8E4-D0D0C7FB2448}.Release|iPhone.Build.0 = Release|Any CPU
		{C90AD2C8-1A85-4558-B8E4-D0D0C7FB2448}.Release|iPhoneSimulator.ActiveCfg = Release|Any CPU
		{C90AD2C8-1A85-4558-B8E4-D0D0C7FB2448}.Release|iPhoneSimulator.Build.0 = Release|Any CPU
		{C90AD2C8-1A85-4558-B8E4-D0D0C7FB2448}.Release|Mixed Platforms.ActiveCfg = Release|Any CPU
		{C90AD2C8-1A85-4558-B8E4-D0D0C7FB2448}.Release|Mixed Platforms.Build.0 = Release|Any CPU
	EndGlobalSection
	GlobalSection(SharedMSBuildProjectFiles) = preSolution
		Xamarin.VisUITest.Unit.Tests.Shared\Xamarin.VisUITest.Unit.Tests.Shared.projitems*{9d9b7acd-779e-4df8-a20c-0d5260316a5d}*SharedItemsImports = 13
		Xamarin.VisUITest.Lib.Shared\Xamarin.VisUITest.Lib.Shared.projitems*{c90ad2c8-1a85-4558-b8e4-d0d0c7fb2448}*SharedItemsImports = 4
		Xamarin.VisUITest.Lib.Shared\Xamarin.VisUITest.Lib.Shared.projitems*{46d48dca-a35e-4de8-82b2-fed23abe0881}*SharedItemsImports = 13
		Xamarin.VisUITest.Lib.Shared\Xamarin.VisUITest.Lib.Shared.projitems*{ad192eea-d8ae-4ecd-b325-5fc61fa2a39c}*SharedItemsImports = 4
		Xamarin.VisUITest.Unit.Tests.Shared\Xamarin.VisUITest.Unit.Tests.Shared.projitems*{33e41439-765b-45ff-bc21-1ce15ab1f035}*SharedItemsImports = 4
		Xamarin.VisUITest.Unit.Tests.Shared\Xamarin.VisUITest.Unit.Tests.Shared.projitems*{7ced2544-cf27-41a3-b2d7-d805c6d7431a}*SharedItemsImports = 4
	EndGlobalSection
	GlobalSection(SolutionProperties) = preSolution
		HideSolutionNode = FALSE
	EndGlobalSection
EndGlobal
